github.com/tuxdude/zzzlog v0.2.3 h1:f9VkS0sJ8LAp9/wjW/qFdM90UJt5ITijphO0ILRerVM=
github.com/tuxdude/zzzlog v0.2.3/go.mod h1:DHTkiOmpQbt5XtqvHFdD2C9ESd2Nbjd0ecKa941JG5s=
github.com/tuxdude/zzzlogi v0.1.1 h1:/YcPkhFzrQlvZR++7v7z42k1l3pgsgMtcrg9QKiEXEU=
github.com/tuxdude/zzzlogi v0.1.1/go.mod h1:pDoI7GNJZuYLZtVx4WL7lOQuECECY+XCHF6Sbv7YvzY=
gopkg.in/check.v1 v0.0.0-20161208181325-20d25e280405 h1:yhCVgyC4o1eVCa2tZl7eS0r+SDo693bJlVdllGtEeKM=
gopkg.in/check.v1 v0.0.0-20161208181325-20d25e280405/go.mod h1:Co6ibVJAznAaIkqp8huTwlJQCZ016jof/cbN4VW5Yz0=
gopkg.in/yaml.v3 v3.0.1 h1:fxVm/GzAzEWqLHuvctI91KS9hhNmmWOoWu0XTYJS7CA=
gopkg.in/yaml.v3 v3.0.1/go.mod h1:K4uyk7z7BCEPqu6E+C64Yfv1cQ7kz7rIZviUmN+EgEM=
