github.com/TwiN/deepmerge v0.2.1 h1:GowJr9O4THTVW4awX63x1BVg1hgr4q+35XKKCYbwsSs=
github.com/TwiN/deepmerge v0.2.1/go.mod h1:LVBmCEBQvibYSF8Gyl/NqhHXH7yIiT7Ozqf9dHxGPW0=
github.com/tuxdude/zzzlog v0.3.0 h1:HREeOHANV5YEs4NKr7y9iSu37q3ZKcD2CIJp0yc+D0c=
github.com/tuxdude/zzzlog v0.3.0/go.mod h1:Q04MoIXLrohVY0J1ZkVznQd41u4pzpKwK74su7VWvwc=
github.com/tuxdude/zzzlogi v0.1.2 h1:APwowwCALOA2QpcrSxcBME20gb+RVm3RZvRXH7DjJCE=
github.com/tuxdude/zzzlogi v0.1.2/go.mod h1:pDoI7GNJZuYLZtVx4WL7lOQuECECY+XCHF6Sbv7YvzY=
gopkg.in/check.v1 v0.0.0-20161208181325-20d25e280405 h1:yhCVgyC4o1eVCa2tZl7eS0r+SDo693bJlVdllGtEeKM=
gopkg.in/check.v1 v0.0.0-20161208181325-20d25e280405/go.mod h1:Co6ibVJAznAaIkqp8huTwlJQCZ016jof/cbN4VW5Yz0=
gopkg.in/yaml.v3 v3.0.1 h1:fxVm/GzAzEWqLHuvctI91KS9hhNmmWOoWu0XTYJS7CA=
gopkg.in/yaml.v3 v3.0.1/go.mod h1:K4uyk7z7BCEPqu6E+C64Yfv1cQ7kz7rIZviUmN+EgEM=
